// !$*UTF8*$!
{
	archiveVersion = 1;
	classes = {
	};
	objectVersion = 46;
	objects = {

/* Begin PBXBuildFile section */
		35F40CF21F42FBA8001E395B /* AppDelegate.swift in Sources */ = {isa = PBXBuildFile; fileRef = 35F40CF11F42FBA8001E395B /* AppDelegate.swift */; };
		35F40CFA1F42FBA8001E395B /* GameViewController.swift in Sources */ = {isa = PBXBuildFile; fileRef = 35F40CF91F42FBA8001E395B /* GameViewController.swift */; };
		35F40CFD1F42FBA8001E395B /* Main.storyboard in Resources */ = {isa = PBXBuildFile; fileRef = 35F40CFB1F42FBA8001E395B /* Main.storyboard */; };
		35F40CFF1F42FBA8001E395B /* Assets.xcassets in Resources */ = {isa = PBXBuildFile; fileRef = 35F40CFE1F42FBA8001E395B /* Assets.xcassets */; };
		35F40D021F42FBA8001E395B /* LaunchScreen.storyboard in Resources */ = {isa = PBXBuildFile; fileRef = 35F40D001F42FBA8001E395B /* LaunchScreen.storyboard */; };
		35F40D0D1F42FBA8001E395B /* NRTests.swift in Sources */ = {isa = PBXBuildFile; fileRef = 35F40D0C1F42FBA8001E395B /* NRTests.swift */; };
		35F40D181F42FBA8001E395B /* NRUITests.swift in Sources */ = {isa = PBXBuildFile; fileRef = 35F40D171F42FBA8001E395B /* NRUITests.swift */; };
		3AED567B1F43DAD9007306C1 /* Select.storyboard in Resources */ = {isa = PBXBuildFile; fileRef = 3AED567A1F43DAD9007306C1 /* Select.storyboard */; };
		3AED567D1F43DAEC007306C1 /* Battle.storyboard in Resources */ = {isa = PBXBuildFile; fileRef = 3AED567C1F43DAEC007306C1 /* Battle.storyboard */; };
		3AED567F1F43DAFD007306C1 /* Result.storyboard in Resources */ = {isa = PBXBuildFile; fileRef = 3AED567E1F43DAFD007306C1 /* Result.storyboard */; };
		3AED56871F440235007306C1 /* SelectViewController.swift in Sources */ = {isa = PBXBuildFile; fileRef = 3AED56861F440235007306C1 /* SelectViewController.swift */; };
		3AED56891F441551007306C1 /* BattleViewController.swift in Sources */ = {isa = PBXBuildFile; fileRef = 3AED56881F441551007306C1 /* BattleViewController.swift */; };
		783050FB237B3B3BB304114F /* Pods_NR.framework in Frameworks */ = {isa = PBXBuildFile; fileRef = 3BADEFBF315F4EDDD97DBF82 /* Pods_NR.framework */; };
		DF9D3D05518116280E5A2103 /* Pods_NRUITests.framework in Frameworks */ = {isa = PBXBuildFile; fileRef = 5727F3003C6594B0A647B942 /* Pods_NRUITests.framework */; };
		E6B205593E74E7D5719E089B /* Pods_NRTests.framework in Frameworks */ = {isa = PBXBuildFile; fileRef = 65F2853BF84F976449309572 /* Pods_NRTests.framework */; };
/* End PBXBuildFile section */

/* Begin PBXContainerItemProxy section */
		35F40D091F42FBA8001E395B /* PBXContainerItemProxy */ = {
			isa = PBXContainerItemProxy;
			containerPortal = 35F40CE61F42FBA8001E395B /* Project object */;
			proxyType = 1;
			remoteGlobalIDString = 35F40CED1F42FBA8001E395B;
			remoteInfo = NR;
		};
		35F40D141F42FBA8001E395B /* PBXContainerItemProxy */ = {
			isa = PBXContainerItemProxy;
			containerPortal = 35F40CE61F42FBA8001E395B /* Project object */;
			proxyType = 1;
			remoteGlobalIDString = 35F40CED1F42FBA8001E395B;
			remoteInfo = NR;
		};
/* End PBXContainerItemProxy section */

/* Begin PBXFileReference section */
		208CE0566CF00AECA30B8BF3 /* Pods-NR.debug.xcconfig */ = {isa = PBXFileReference; includeInIndex = 1; lastKnownFileType = text.xcconfig; name = "Pods-NR.debug.xcconfig"; path = "Pods/Target Support Files/Pods-NR/Pods-NR.debug.xcconfig"; sourceTree = "<group>"; };
		2D38F1D884937343B45EEAD4 /* Pods-NRUITests.debug.xcconfig */ = {isa = PBXFileReference; includeInIndex = 1; lastKnownFileType = text.xcconfig; name = "Pods-NRUITests.debug.xcconfig"; path = "Pods/Target Support Files/Pods-NRUITests/Pods-NRUITests.debug.xcconfig"; sourceTree = "<group>"; };
		358A15CA51D7838443184533 /* Pods-NRUITests.release.xcconfig */ = {isa = PBXFileReference; includeInIndex = 1; lastKnownFileType = text.xcconfig; name = "Pods-NRUITests.release.xcconfig"; path = "Pods/Target Support Files/Pods-NRUITests/Pods-NRUITests.release.xcconfig"; sourceTree = "<group>"; };
		35F40CEE1F42FBA8001E395B /* NR.app */ = {isa = PBXFileReference; explicitFileType = wrapper.application; includeInIndex = 0; path = NR.app; sourceTree = BUILT_PRODUCTS_DIR; };
		35F40CF11F42FBA8001E395B /* AppDelegate.swift */ = {isa = PBXFileReference; lastKnownFileType = sourcecode.swift; path = AppDelegate.swift; sourceTree = "<group>"; };
		35F40CF91F42FBA8001E395B /* GameViewController.swift */ = {isa = PBXFileReference; lastKnownFileType = sourcecode.swift; path = GameViewController.swift; sourceTree = "<group>"; };
		35F40CFC1F42FBA8001E395B /* Base */ = {isa = PBXFileReference; lastKnownFileType = file.storyboard; name = Base; path = Base.lproj/Main.storyboard; sourceTree = "<group>"; };
		35F40CFE1F42FBA8001E395B /* Assets.xcassets */ = {isa = PBXFileReference; lastKnownFileType = folder.assetcatalog; path = Assets.xcassets; sourceTree = "<group>"; };
		35F40D011F42FBA8001E395B /* Base */ = {isa = PBXFileReference; lastKnownFileType = file.storyboard; name = Base; path = Base.lproj/LaunchScreen.storyboard; sourceTree = "<group>"; };
		35F40D031F42FBA8001E395B /* Info.plist */ = {isa = PBXFileReference; lastKnownFileType = text.plist.xml; path = Info.plist; sourceTree = "<group>"; };
		35F40D081F42FBA8001E395B /* NRTests.xctest */ = {isa = PBXFileReference; explicitFileType = wrapper.cfbundle; includeInIndex = 0; path = NRTests.xctest; sourceTree = BUILT_PRODUCTS_DIR; };
		35F40D0C1F42FBA8001E395B /* NRTests.swift */ = {isa = PBXFileReference; lastKnownFileType = sourcecode.swift; path = NRTests.swift; sourceTree = "<group>"; };
		35F40D0E1F42FBA8001E395B /* Info.plist */ = {isa = PBXFileReference; lastKnownFileType = text.plist.xml; path = Info.plist; sourceTree = "<group>"; };
		35F40D131F42FBA8001E395B /* NRUITests.xctest */ = {isa = PBXFileReference; explicitFileType = wrapper.cfbundle; includeInIndex = 0; path = NRUITests.xctest; sourceTree = BUILT_PRODUCTS_DIR; };
		35F40D171F42FBA8001E395B /* NRUITests.swift */ = {isa = PBXFileReference; lastKnownFileType = sourcecode.swift; path = NRUITests.swift; sourceTree = "<group>"; };
		35F40D191F42FBA8001E395B /* Info.plist */ = {isa = PBXFileReference; lastKnownFileType = text.plist.xml; path = Info.plist; sourceTree = "<group>"; };
		3AED567A1F43DAD9007306C1 /* Select.storyboard */ = {isa = PBXFileReference; fileEncoding = 4; lastKnownFileType = file.storyboard; path = Select.storyboard; sourceTree = "<group>"; };
		3AED567C1F43DAEC007306C1 /* Battle.storyboard */ = {isa = PBXFileReference; fileEncoding = 4; lastKnownFileType = file.storyboard; path = Battle.storyboard; sourceTree = "<group>"; };
		3AED567E1F43DAFD007306C1 /* Result.storyboard */ = {isa = PBXFileReference; fileEncoding = 4; lastKnownFileType = file.storyboard; path = Result.storyboard; sourceTree = "<group>"; };
		3AED56861F440235007306C1 /* SelectViewController.swift */ = {isa = PBXFileReference; fileEncoding = 4; lastKnownFileType = sourcecode.swift; path = SelectViewController.swift; sourceTree = "<group>"; };
		3AED56881F441551007306C1 /* BattleViewController.swift */ = {isa = PBXFileReference; fileEncoding = 4; lastKnownFileType = sourcecode.swift; path = BattleViewController.swift; sourceTree = "<group>"; };
		3BADEFBF315F4EDDD97DBF82 /* Pods_NR.framework */ = {isa = PBXFileReference; explicitFileType = wrapper.framework; includeInIndex = 0; path = Pods_NR.framework; sourceTree = BUILT_PRODUCTS_DIR; };
		5727F3003C6594B0A647B942 /* Pods_NRUITests.framework */ = {isa = PBXFileReference; explicitFileType = wrapper.framework; includeInIndex = 0; path = Pods_NRUITests.framework; sourceTree = BUILT_PRODUCTS_DIR; };
		65F2853BF84F976449309572 /* Pods_NRTests.framework */ = {isa = PBXFileReference; explicitFileType = wrapper.framework; includeInIndex = 0; path = Pods_NRTests.framework; sourceTree = BUILT_PRODUCTS_DIR; };
		BB8E8401CD17348A57EA1C29 /* Pods-NR.release.xcconfig */ = {isa = PBXFileReference; includeInIndex = 1; lastKnownFileType = text.xcconfig; name = "Pods-NR.release.xcconfig"; path = "Pods/Target Support Files/Pods-NR/Pods-NR.release.xcconfig"; sourceTree = "<group>"; };
		CB3CE4559A678588E0D89CC7 /* Pods-NRTests.release.xcconfig */ = {isa = PBXFileReference; includeInIndex = 1; lastKnownFileType = text.xcconfig; name = "Pods-NRTests.release.xcconfig"; path = "Pods/Target Support Files/Pods-NRTests/Pods-NRTests.release.xcconfig"; sourceTree = "<group>"; };
		E36E668995E80C2F0FC2B5E1 /* Pods-NRTests.debug.xcconfig */ = {isa = PBXFileReference; includeInIndex = 1; lastKnownFileType = text.xcconfig; name = "Pods-NRTests.debug.xcconfig"; path = "Pods/Target Support Files/Pods-NRTests/Pods-NRTests.debug.xcconfig"; sourceTree = "<group>"; };
/* End PBXFileReference section */

/* Begin PBXFrameworksBuildPhase section */
		35F40CEB1F42FBA8001E395B /* Frameworks */ = {
			isa = PBXFrameworksBuildPhase;
			buildActionMask = 2147483647;
			files = (
				783050FB237B3B3BB304114F /* Pods_NR.framework in Frameworks */,
			);
			runOnlyForDeploymentPostprocessing = 0;
		};
		35F40D051F42FBA8001E395B /* Frameworks */ = {
			isa = PBXFrameworksBuildPhase;
			buildActionMask = 2147483647;
			files = (
				E6B205593E74E7D5719E089B /* Pods_NRTests.framework in Frameworks */,
			);
			runOnlyForDeploymentPostprocessing = 0;
		};
		35F40D101F42FBA8001E395B /* Frameworks */ = {
			isa = PBXFrameworksBuildPhase;
			buildActionMask = 2147483647;
			files = (
				DF9D3D05518116280E5A2103 /* Pods_NRUITests.framework in Frameworks */,
			);
			runOnlyForDeploymentPostprocessing = 0;
		};
/* End PBXFrameworksBuildPhase section */

/* Begin PBXGroup section */
		352F571047265B37D81A95AD /* Frameworks */ = {
			isa = PBXGroup;
			children = (
				3BADEFBF315F4EDDD97DBF82 /* Pods_NR.framework */,
				65F2853BF84F976449309572 /* Pods_NRTests.framework */,
				5727F3003C6594B0A647B942 /* Pods_NRUITests.framework */,
			);
			name = Frameworks;
			sourceTree = "<group>";
		};
		35F40CE51F42FBA8001E395B = {
			isa = PBXGroup;
			children = (
				35F40CF01F42FBA8001E395B /* NR */,
				35F40D0B1F42FBA8001E395B /* NRTests */,
				35F40D161F42FBA8001E395B /* NRUITests */,
				35F40CEF1F42FBA8001E395B /* Products */,
				F998C2770AADC0EB19BF8AC6 /* Pods */,
				352F571047265B37D81A95AD /* Frameworks */,
			);
			sourceTree = "<group>";
		};
		35F40CEF1F42FBA8001E395B /* Products */ = {
			isa = PBXGroup;
			children = (
				35F40CEE1F42FBA8001E395B /* NR.app */,
				35F40D081F42FBA8001E395B /* NRTests.xctest */,
				35F40D131F42FBA8001E395B /* NRUITests.xctest */,
			);
			name = Products;
			sourceTree = "<group>";
		};
		35F40CF01F42FBA8001E395B /* NR */ = {
			isa = PBXGroup;
			children = (
				35F40CF11F42FBA8001E395B /* AppDelegate.swift */,
				35F40CF91F42FBA8001E395B /* GameViewController.swift */,
				35F40CFB1F42FBA8001E395B /* Main.storyboard */,
				3AED56861F440235007306C1 /* SelectViewController.swift */,
				3AED567A1F43DAD9007306C1 /* Select.storyboard */,
				3AED567C1F43DAEC007306C1 /* Battle.storyboard */,
				3AED56881F441551007306C1 /* BattleViewController.swift */,
				3AED567E1F43DAFD007306C1 /* Result.storyboard */,
				35F40CFE1F42FBA8001E395B /* Assets.xcassets */,
				35F40D001F42FBA8001E395B /* LaunchScreen.storyboard */,
				35F40D031F42FBA8001E395B /* Info.plist */,
			);
			path = NR;
			sourceTree = "<group>";
		};
		35F40D0B1F42FBA8001E395B /* NRTests */ = {
			isa = PBXGroup;
			children = (
				35F40D0C1F42FBA8001E395B /* NRTests.swift */,
				35F40D0E1F42FBA8001E395B /* Info.plist */,
			);
			path = NRTests;
			sourceTree = "<group>";
		};
		35F40D161F42FBA8001E395B /* NRUITests */ = {
			isa = PBXGroup;
			children = (
				35F40D171F42FBA8001E395B /* NRUITests.swift */,
				35F40D191F42FBA8001E395B /* Info.plist */,
			);
			path = NRUITests;
			sourceTree = "<group>";
		};
		F998C2770AADC0EB19BF8AC6 /* Pods */ = {
			isa = PBXGroup;
			children = (
				208CE0566CF00AECA30B8BF3 /* Pods-NR.debug.xcconfig */,
				BB8E8401CD17348A57EA1C29 /* Pods-NR.release.xcconfig */,
				E36E668995E80C2F0FC2B5E1 /* Pods-NRTests.debug.xcconfig */,
				CB3CE4559A678588E0D89CC7 /* Pods-NRTests.release.xcconfig */,
				2D38F1D884937343B45EEAD4 /* Pods-NRUITests.debug.xcconfig */,
				358A15CA51D7838443184533 /* Pods-NRUITests.release.xcconfig */,
			);
			name = Pods;
			sourceTree = "<group>";
		};
/* End PBXGroup section */

/* Begin PBXNativeTarget section */
		35F40CED1F42FBA8001E395B /* NR */ = {
			isa = PBXNativeTarget;
			buildConfigurationList = 35F40D1C1F42FBA8001E395B /* Build configuration list for PBXNativeTarget "NR" */;
			buildPhases = (
				511413F41ED409F879BF2C50 /* [CP] Check Pods Manifest.lock */,
				35F40CEA1F42FBA8001E395B /* Sources */,
				35F40CEB1F42FBA8001E395B /* Frameworks */,
				35F40CEC1F42FBA8001E395B /* Resources */,
				6493291733BB435544F59DF3 /* [CP] Embed Pods Frameworks */,
				13CA3F11A0802B75CCCBCB4A /* [CP] Copy Pods Resources */,
			);
			buildRules = (
			);
			dependencies = (
			);
			name = NR;
			productName = NR;
			productReference = 35F40CEE1F42FBA8001E395B /* NR.app */;
			productType = "com.apple.product-type.application";
		};
		35F40D071F42FBA8001E395B /* NRTests */ = {
			isa = PBXNativeTarget;
			buildConfigurationList = 35F40D1F1F42FBA8001E395B /* Build configuration list for PBXNativeTarget "NRTests" */;
			buildPhases = (
				C274AC657A6BC06AC0270860 /* [CP] Check Pods Manifest.lock */,
				35F40D041F42FBA8001E395B /* Sources */,
				35F40D051F42FBA8001E395B /* Frameworks */,
				35F40D061F42FBA8001E395B /* Resources */,
				890366F693187691696553ED /* [CP] Embed Pods Frameworks */,
				4B778BD165E1A1263D5B4D6C /* [CP] Copy Pods Resources */,
			);
			buildRules = (
			);
			dependencies = (
				35F40D0A1F42FBA8001E395B /* PBXTargetDependency */,
			);
			name = NRTests;
			productName = NRTests;
			productReference = 35F40D081F42FBA8001E395B /* NRTests.xctest */;
			productType = "com.apple.product-type.bundle.unit-test";
		};
		35F40D121F42FBA8001E395B /* NRUITests */ = {
			isa = PBXNativeTarget;
			buildConfigurationList = 35F40D221F42FBA8001E395B /* Build configuration list for PBXNativeTarget "NRUITests" */;
			buildPhases = (
				31D880828CCB1CF6DA952085 /* [CP] Check Pods Manifest.lock */,
				35F40D0F1F42FBA8001E395B /* Sources */,
				35F40D101F42FBA8001E395B /* Frameworks */,
				35F40D111F42FBA8001E395B /* Resources */,
				880799067B2A0556D1431772 /* [CP] Embed Pods Frameworks */,
				76D644EA8673257D3964D084 /* [CP] Copy Pods Resources */,
			);
			buildRules = (
			);
			dependencies = (
				35F40D151F42FBA8001E395B /* PBXTargetDependency */,
			);
			name = NRUITests;
			productName = NRUITests;
			productReference = 35F40D131F42FBA8001E395B /* NRUITests.xctest */;
			productType = "com.apple.product-type.bundle.ui-testing";
		};
/* End PBXNativeTarget section */

/* Begin PBXProject section */
		35F40CE61F42FBA8001E395B /* Project object */ = {
			isa = PBXProject;
			attributes = {
				LastSwiftUpdateCheck = 0830;
				LastUpgradeCheck = 0830;
				ORGANIZATIONNAME = NoR;
				TargetAttributes = {
					35F40CED1F42FBA8001E395B = {
						CreatedOnToolsVersion = 8.3.3;
						ProvisioningStyle = Automatic;
					};
					35F40D071F42FBA8001E395B = {
						CreatedOnToolsVersion = 8.3.3;
						ProvisioningStyle = Automatic;
						TestTargetID = 35F40CED1F42FBA8001E395B;
					};
					35F40D121F42FBA8001E395B = {
						CreatedOnToolsVersion = 8.3.3;
						ProvisioningStyle = Automatic;
						TestTargetID = 35F40CED1F42FBA8001E395B;
					};
				};
			};
			buildConfigurationList = 35F40CE91F42FBA8001E395B /* Build configuration list for PBXProject "NR" */;
			compatibilityVersion = "Xcode 3.2";
			developmentRegion = English;
			hasScannedForEncodings = 0;
			knownRegions = (
				en,
				Base,
			);
			mainGroup = 35F40CE51F42FBA8001E395B;
			productRefGroup = 35F40CEF1F42FBA8001E395B /* Products */;
			projectDirPath = "";
			projectRoot = "";
			targets = (
				35F40CED1F42FBA8001E395B /* NR */,
				35F40D071F42FBA8001E395B /* NRTests */,
				35F40D121F42FBA8001E395B /* NRUITests */,
			);
		};
/* End PBXProject section */

/* Begin PBXResourcesBuildPhase section */
		35F40CEC1F42FBA8001E395B /* Resources */ = {
			isa = PBXResourcesBuildPhase;
			buildActionMask = 2147483647;
			files = (
				35F40CFD1F42FBA8001E395B /* Main.storyboard in Resources */,
				35F40CFF1F42FBA8001E395B /* Assets.xcassets in Resources */,
				35F40D021F42FBA8001E395B /* LaunchScreen.storyboard in Resources */,
				3AED567B1F43DAD9007306C1 /* Select.storyboard in Resources */,
				3AED567D1F43DAEC007306C1 /* Battle.storyboard in Resources */,
				3AED567F1F43DAFD007306C1 /* Result.storyboard in Resources */,
			);
			runOnlyForDeploymentPostprocessing = 0;
		};
		35F40D061F42FBA8001E395B /* Resources */ = {
			isa = PBXResourcesBuildPhase;
			buildActionMask = 2147483647;
			files = (
			);
			runOnlyForDeploymentPostprocessing = 0;
		};
		35F40D111F42FBA8001E395B /* Resources */ = {
			isa = PBXResourcesBuildPhase;
			buildActionMask = 2147483647;
			files = (
			);
			runOnlyForDeploymentPostprocessing = 0;
		};
/* End PBXResourcesBuildPhase section */

/* Begin PBXShellScriptBuildPhase section */
		13CA3F11A0802B75CCCBCB4A /* [CP] Copy Pods Resources */ = {
			isa = PBXShellScriptBuildPhase;
			buildActionMask = 2147483647;
			files = (
			);
			inputPaths = (
			);
			name = "[CP] Copy Pods Resources";
			outputPaths = (
			);
			runOnlyForDeploymentPostprocessing = 0;
			shellPath = /bin/sh;
			shellScript = "\"${SRCROOT}/Pods/Target Support Files/Pods-NR/Pods-NR-resources.sh\"\n";
			showEnvVarsInLog = 0;
		};
		31D880828CCB1CF6DA952085 /* [CP] Check Pods Manifest.lock */ = {
			isa = PBXShellScriptBuildPhase;
			buildActionMask = 2147483647;
			files = (
			);
			inputPaths = (
				"${PODS_PODFILE_DIR_PATH}/Podfile.lock",
				"${PODS_ROOT}/Manifest.lock",
			);
			name = "[CP] Check Pods Manifest.lock";
			outputPaths = (
				"$(DERIVED_FILE_DIR)/Pods-NRUITests-checkManifestLockResult.txt",
			);
			runOnlyForDeploymentPostprocessing = 0;
			shellPath = /bin/sh;
			shellScript = "diff \"${PODS_PODFILE_DIR_PATH}/Podfile.lock\" \"${PODS_ROOT}/Manifest.lock\" > /dev/null\nif [ $? != 0 ] ; then\n    # print error to STDERR\n    echo \"error: The sandbox is not in sync with the Podfile.lock. Run 'pod install' or update your CocoaPods installation.\" >&2\n    exit 1\nfi\n# This output is used by Xcode 'outputs' to avoid re-running this script phase.\necho \"SUCCESS\" > \"${SCRIPT_OUTPUT_FILE_0}\"\n";
			showEnvVarsInLog = 0;
		};
		4B778BD165E1A1263D5B4D6C /* [CP] Copy Pods Resources */ = {
			isa = PBXShellScriptBuildPhase;
			buildActionMask = 2147483647;
			files = (
			);
			inputPaths = (
			);
			name = "[CP] Copy Pods Resources";
			outputPaths = (
			);
			runOnlyForDeploymentPostprocessing = 0;
			shellPath = /bin/sh;
			shellScript = "\"${SRCROOT}/Pods/Target Support Files/Pods-NRTests/Pods-NRTests-resources.sh\"\n";
			showEnvVarsInLog = 0;
		};
		511413F41ED409F879BF2C50 /* [CP] Check Pods Manifest.lock */ = {
			isa = PBXShellScriptBuildPhase;
			buildActionMask = 2147483647;
			files = (
			);
			inputPaths = (
				"${PODS_PODFILE_DIR_PATH}/Podfile.lock",
				"${PODS_ROOT}/Manifest.lock",
			);
			name = "[CP] Check Pods Manifest.lock";
			outputPaths = (
				"$(DERIVED_FILE_DIR)/Pods-NR-checkManifestLockResult.txt",
			);
			runOnlyForDeploymentPostprocessing = 0;
			shellPath = /bin/sh;
			shellScript = "diff \"${PODS_PODFILE_DIR_PATH}/Podfile.lock\" \"${PODS_ROOT}/Manifest.lock\" > /dev/null\nif [ $? != 0 ] ; then\n    # print error to STDERR\n    echo \"error: The sandbox is not in sync with the Podfile.lock. Run 'pod install' or update your CocoaPods installation.\" >&2\n    exit 1\nfi\n# This output is used by Xcode 'outputs' to avoid re-running this script phase.\necho \"SUCCESS\" > \"${SCRIPT_OUTPUT_FILE_0}\"\n";
			showEnvVarsInLog = 0;
		};
		6493291733BB435544F59DF3 /* [CP] Embed Pods Frameworks */ = {
			isa = PBXShellScriptBuildPhase;
			buildActionMask = 2147483647;
			files = (
			);
			inputPaths = (
				"${SRCROOT}/Pods/Target Support Files/Pods-NR/Pods-NR-frameworks.sh",
				"${BUILT_PRODUCTS_DIR}/Socket.IO-Client-Swift/SocketIO.framework",
				"${BUILT_PRODUCTS_DIR}/StarscreamSocketIO/StarscreamSocketIO.framework",
			);
			name = "[CP] Embed Pods Frameworks";
			outputPaths = (
				"${TARGET_BUILD_DIR}/${FRAMEWORKS_FOLDER_PATH}/SocketIO.framework",
				"${TARGET_BUILD_DIR}/${FRAMEWORKS_FOLDER_PATH}/StarscreamSocketIO.framework",
			);
			runOnlyForDeploymentPostprocessing = 0;
			shellPath = /bin/sh;
			shellScript = "\"${SRCROOT}/Pods/Target Support Files/Pods-NR/Pods-NR-frameworks.sh\"\n";
			showEnvVarsInLog = 0;
		};
		76D644EA8673257D3964D084 /* [CP] Copy Pods Resources */ = {
			isa = PBXShellScriptBuildPhase;
			buildActionMask = 2147483647;
			files = (
			);
			inputPaths = (
			);
			name = "[CP] Copy Pods Resources";
			outputPaths = (
			);
			runOnlyForDeploymentPostprocessing = 0;
			shellPath = /bin/sh;
			shellScript = "\"${SRCROOT}/Pods/Target Support Files/Pods-NRUITests/Pods-NRUITests-resources.sh\"\n";
			showEnvVarsInLog = 0;
		};
		880799067B2A0556D1431772 /* [CP] Embed Pods Frameworks */ = {
			isa = PBXShellScriptBuildPhase;
			buildActionMask = 2147483647;
			files = (
			);
			inputPaths = (
			);
			name = "[CP] Embed Pods Frameworks";
			outputPaths = (
			);
			runOnlyForDeploymentPostprocessing = 0;
			shellPath = /bin/sh;
			shellScript = "\"${SRCROOT}/Pods/Target Support Files/Pods-NRUITests/Pods-NRUITests-frameworks.sh\"\n";
			showEnvVarsInLog = 0;
		};
		890366F693187691696553ED /* [CP] Embed Pods Frameworks */ = {
			isa = PBXShellScriptBuildPhase;
			buildActionMask = 2147483647;
			files = (
			);
			inputPaths = (
			);
			name = "[CP] Embed Pods Frameworks";
			outputPaths = (
			);
			runOnlyForDeploymentPostprocessing = 0;
			shellPath = /bin/sh;
			shellScript = "\"${SRCROOT}/Pods/Target Support Files/Pods-NRTests/Pods-NRTests-frameworks.sh\"\n";
			showEnvVarsInLog = 0;
		};
		C274AC657A6BC06AC0270860 /* [CP] Check Pods Manifest.lock */ = {
			isa = PBXShellScriptBuildPhase;
			buildActionMask = 2147483647;
			files = (
			);
			inputPaths = (
				"${PODS_PODFILE_DIR_PATH}/Podfile.lock",
				"${PODS_ROOT}/Manifest.lock",
			);
			name = "[CP] Check Pods Manifest.lock";
			outputPaths = (
				"$(DERIVED_FILE_DIR)/Pods-NRTests-checkManifestLockResult.txt",
			);
			runOnlyForDeploymentPostprocessing = 0;
			shellPath = /bin/sh;
			shellScript = "diff \"${PODS_PODFILE_DIR_PATH}/Podfile.lock\" \"${PODS_ROOT}/Manifest.lock\" > /dev/null\nif [ $? != 0 ] ; then\n    # print error to STDERR\n    echo \"error: The sandbox is not in sync with the Podfile.lock. Run 'pod install' or update your CocoaPods installation.\" >&2\n    exit 1\nfi\n# This output is used by Xcode 'outputs' to avoid re-running this script phase.\necho \"SUCCESS\" > \"${SCRIPT_OUTPUT_FILE_0}\"\n";
			showEnvVarsInLog = 0;
		};
/* End PBXShellScriptBuildPhase section */

/* Begin PBXSourcesBuildPhase section */
		35F40CEA1F42FBA8001E395B /* Sources */ = {
			isa = PBXSourcesBuildPhase;
			buildActionMask = 2147483647;
			files = (
				3AED56871F440235007306C1 /* SelectViewController.swift in Sources */,
				3AED56891F441551007306C1 /* BattleViewController.swift in Sources */,
				35F40CFA1F42FBA8001E395B /* GameViewController.swift in Sources */,
				35F40CF21F42FBA8001E395B /* AppDelegate.swift in Sources */,
			);
			runOnlyForDeploymentPostprocessing = 0;
		};
		35F40D041F42FBA8001E395B /* Sources */ = {
			isa = PBXSourcesBuildPhase;
			buildActionMask = 2147483647;
			files = (
				35F40D0D1F42FBA8001E395B /* NRTests.swift in Sources */,
			);
			runOnlyForDeploymentPostprocessing = 0;
		};
		35F40D0F1F42FBA8001E395B /* Sources */ = {
			isa = PBXSourcesBuildPhase;
			buildActionMask = 2147483647;
			files = (
				35F40D181F42FBA8001E395B /* NRUITests.swift in Sources */,
			);
			runOnlyForDeploymentPostprocessing = 0;
		};
/* End PBXSourcesBuildPhase section */

/* Begin PBXTargetDependency section */
		35F40D0A1F42FBA8001E395B /* PBXTargetDependency */ = {
			isa = PBXTargetDependency;
			target = 35F40CED1F42FBA8001E395B /* NR */;
			targetProxy = 35F40D091F42FBA8001E395B /* PBXContainerItemProxy */;
		};
		35F40D151F42FBA8001E395B /* PBXTargetDependency */ = {
			isa = PBXTargetDependency;
			target = 35F40CED1F42FBA8001E395B /* NR */;
			targetProxy = 35F40D141F42FBA8001E395B /* PBXContainerItemProxy */;
		};
/* End PBXTargetDependency section */

/* Begin PBXVariantGroup section */
		35F40CFB1F42FBA8001E395B /* Main.storyboard */ = {
			isa = PBXVariantGroup;
			children = (
				35F40CFC1F42FBA8001E395B /* Base */,
			);
			name = Main.storyboard;
			sourceTree = "<group>";
		};
		35F40D001F42FBA8001E395B /* LaunchScreen.storyboard */ = {
			isa = PBXVariantGroup;
			children = (
				35F40D011F42FBA8001E395B /* Base */,
			);
			name = LaunchScreen.storyboard;
			sourceTree = "<group>";
		};
/* End PBXVariantGroup section */

/* Begin XCBuildConfiguration section */
		35F40D1A1F42FBA8001E395B /* Debug */ = {
			isa = XCBuildConfiguration;
			buildSettings = {
				ALWAYS_SEARCH_USER_PATHS = NO;
				CLANG_ANALYZER_NONNULL = YES;
				CLANG_ANALYZER_NUMBER_OBJECT_CONVERSION = YES_AGGRESSIVE;
				CLANG_CXX_LANGUAGE_STANDARD = "gnu++0x";
				CLANG_CXX_LIBRARY = "libc++";
				CLANG_ENABLE_MODULES = YES;
				CLANG_ENABLE_OBJC_ARC = YES;
				CLANG_WARN_BOOL_CONVERSION = YES;
				CLANG_WARN_CONSTANT_CONVERSION = YES;
				CLANG_WARN_DIRECT_OBJC_ISA_USAGE = YES_ERROR;
				CLANG_WARN_DOCUMENTATION_COMMENTS = YES;
				CLANG_WARN_EMPTY_BODY = YES;
				CLANG_WARN_ENUM_CONVERSION = YES;
				CLANG_WARN_INFINITE_RECURSION = YES;
				CLANG_WARN_INT_CONVERSION = YES;
				CLANG_WARN_OBJC_ROOT_CLASS = YES_ERROR;
				CLANG_WARN_SUSPICIOUS_MOVE = YES;
				CLANG_WARN_UNREACHABLE_CODE = YES;
				CLANG_WARN__DUPLICATE_METHOD_MATCH = YES;
				"CODE_SIGN_IDENTITY[sdk=iphoneos*]" = "iPhone Developer";
				COPY_PHASE_STRIP = NO;
				DEBUG_INFORMATION_FORMAT = dwarf;
				ENABLE_STRICT_OBJC_MSGSEND = YES;
				ENABLE_TESTABILITY = YES;
				GCC_C_LANGUAGE_STANDARD = gnu99;
				GCC_DYNAMIC_NO_PIC = NO;
				GCC_NO_COMMON_BLOCKS = YES;
				GCC_OPTIMIZATION_LEVEL = 0;
				GCC_PREPROCESSOR_DEFINITIONS = (
					"DEBUG=1",
					"$(inherited)",
				);
				GCC_WARN_64_TO_32_BIT_CONVERSION = YES;
				GCC_WARN_ABOUT_RETURN_TYPE = YES_ERROR;
				GCC_WARN_UNDECLARED_SELECTOR = YES;
				GCC_WARN_UNINITIALIZED_AUTOS = YES_AGGRESSIVE;
				GCC_WARN_UNUSED_FUNCTION = YES;
				GCC_WARN_UNUSED_VARIABLE = YES;
				IPHONEOS_DEPLOYMENT_TARGET = 10.3;
				MTL_ENABLE_DEBUG_INFO = YES;
				ONLY_ACTIVE_ARCH = YES;
				SDKROOT = iphoneos;
				SWIFT_ACTIVE_COMPILATION_CONDITIONS = DEBUG;
				SWIFT_OPTIMIZATION_LEVEL = "-Onone";
				TARGETED_DEVICE_FAMILY = "1,2";
			};
			name = Debug;
		};
		35F40D1B1F42FBA8001E395B /* Release */ = {
			isa = XCBuildConfiguration;
			buildSettings = {
				ALWAYS_SEARCH_USER_PATHS = NO;
				CLANG_ANALYZER_NONNULL = YES;
				CLANG_ANALYZER_NUMBER_OBJECT_CONVERSION = YES_AGGRESSIVE;
				CLANG_CXX_LANGUAGE_STANDARD = "gnu++0x";
				CLANG_CXX_LIBRARY = "libc++";
				CLANG_ENABLE_MODULES = YES;
				CLANG_ENABLE_OBJC_ARC = YES;
				CLANG_WARN_BOOL_CONVERSION = YES;
				CLANG_WARN_CONSTANT_CONVERSION = YES;
				CLANG_WARN_DIRECT_OBJC_ISA_USAGE = YES_ERROR;
				CLANG_WARN_DOCUMENTATION_COMMENTS = YES;
				CLANG_WARN_EMPTY_BODY = YES;
				CLANG_WARN_ENUM_CONVERSION = YES;
				CLANG_WARN_INFINITE_RECURSION = YES;
				CLANG_WARN_INT_CONVERSION = YES;
				CLANG_WARN_OBJC_ROOT_CLASS = YES_ERROR;
				CLANG_WARN_SUSPICIOUS_MOVE = YES;
				CLANG_WARN_UNREACHABLE_CODE = YES;
				CLANG_WARN__DUPLICATE_METHOD_MATCH = YES;
				"CODE_SIGN_IDENTITY[sdk=iphoneos*]" = "iPhone Developer";
				COPY_PHASE_STRIP = NO;
				DEBUG_INFORMATION_FORMAT = "dwarf-with-dsym";
				ENABLE_NS_ASSERTIONS = NO;
				ENABLE_STRICT_OBJC_MSGSEND = YES;
				GCC_C_LANGUAGE_STANDARD = gnu99;
				GCC_NO_COMMON_BLOCKS = YES;
				GCC_WARN_64_TO_32_BIT_CONVERSION = YES;
				GCC_WARN_ABOUT_RETURN_TYPE = YES_ERROR;
				GCC_WARN_UNDECLARED_SELECTOR = YES;
				GCC_WARN_UNINITIALIZED_AUTOS = YES_AGGRESSIVE;
				GCC_WARN_UNUSED_FUNCTION = YES;
				GCC_WARN_UNUSED_VARIABLE = YES;
				IPHONEOS_DEPLOYMENT_TARGET = 10.3;
				MTL_ENABLE_DEBUG_INFO = NO;
				SDKROOT = iphoneos;
				SWIFT_OPTIMIZATION_LEVEL = "-Owholemodule";
				TARGETED_DEVICE_FAMILY = "1,2";
				VALIDATE_PRODUCT = YES;
			};
			name = Release;
		};
		35F40D1D1F42FBA8001E395B /* Debug */ = {
			isa = XCBuildConfiguration;
			baseConfigurationReference = 208CE0566CF00AECA30B8BF3 /* Pods-NR.debug.xcconfig */;
			buildSettings = {
				ASSETCATALOG_COMPILER_APPICON_NAME = AppIcon;
				INFOPLIST_FILE = NR/Info.plist;
				LD_RUNPATH_SEARCH_PATHS = "$(inherited) @executable_path/Frameworks";
				PRODUCT_BUNDLE_IDENTIFIER = NoR.NR;
				PRODUCT_NAME = "$(TARGET_NAME)";
				SWIFT_VERSION = 3.0;
			};
			name = Debug;
		};
		35F40D1E1F42FBA8001E395B /* Release */ = {
			isa = XCBuildConfiguration;
			baseConfigurationReference = BB8E8401CD17348A57EA1C29 /* Pods-NR.release.xcconfig */;
			buildSettings = {
				ASSETCATALOG_COMPILER_APPICON_NAME = AppIcon;
				INFOPLIST_FILE = NR/Info.plist;
				LD_RUNPATH_SEARCH_PATHS = "$(inherited) @executable_path/Frameworks";
				PRODUCT_BUNDLE_IDENTIFIER = NoR.NR;
				PRODUCT_NAME = "$(TARGET_NAME)";
				SWIFT_VERSION = 3.0;
			};
			name = Release;
		};
		35F40D201F42FBA8001E395B /* Debug */ = {
			isa = XCBuildConfiguration;
			baseConfigurationReference = E36E668995E80C2F0FC2B5E1 /* Pods-NRTests.debug.xcconfig */;
			buildSettings = {
				ALWAYS_EMBED_SWIFT_STANDARD_LIBRARIES = YES;
				BUNDLE_LOADER = "$(TEST_HOST)";
				INFOPLIST_FILE = NRTests/Info.plist;
				LD_RUNPATH_SEARCH_PATHS = "$(inherited) @executable_path/Frameworks @loader_path/Frameworks";
				PRODUCT_BUNDLE_IDENTIFIER = NoR.NRTests;
				PRODUCT_NAME = "$(TARGET_NAME)";
				SWIFT_VERSION = 3.0;
				TEST_HOST = "$(BUILT_PRODUCTS_DIR)/NR.app/NR";
			};
			name = Debug;
		};
		35F40D211F42FBA8001E395B /* Release */ = {
			isa = XCBuildConfiguration;
			baseConfigurationReference = CB3CE4559A678588E0D89CC7 /* Pods-NRTests.release.xcconfig */;
			buildSettings = {
				ALWAYS_EMBED_SWIFT_STANDARD_LIBRARIES = YES;
				BUNDLE_LOADER = "$(TEST_HOST)";
				INFOPLIST_FILE = NRTests/Info.plist;
				LD_RUNPATH_SEARCH_PATHS = "$(inherited) @executable_path/Frameworks @loader_path/Frameworks";
				PRODUCT_BUNDLE_IDENTIFIER = NoR.NRTests;
				PRODUCT_NAME = "$(TARGET_NAME)";
				SWIFT_VERSION = 3.0;
				TEST_HOST = "$(BUILT_PRODUCTS_DIR)/NR.app/NR";
			};
			name = Release;
		};
		35F40D231F42FBA8001E395B /* Debug */ = {
			isa = XCBuildConfiguration;
			baseConfigurationReference = 2D38F1D884937343B45EEAD4 /* Pods-NRUITests.debug.xcconfig */;
			buildSettings = {
				ALWAYS_EMBED_SWIFT_STANDARD_LIBRARIES = YES;
				INFOPLIST_FILE = NRUITests/Info.plist;
				LD_RUNPATH_SEARCH_PATHS = "$(inherited) @executable_path/Frameworks @loader_path/Frameworks";
				PRODUCT_BUNDLE_IDENTIFIER = NoR.NRUITests;
				PRODUCT_NAME = "$(TARGET_NAME)";
				SWIFT_VERSION = 3.0;
				TEST_TARGET_NAME = NR;
			};
			name = Debug;
		};
		35F40D241F42FBA8001E395B /* Release */ = {
			isa = XCBuildConfiguration;
			baseConfigurationReference = 358A15CA51D7838443184533 /* Pods-NRUITests.release.xcconfig */;
			buildSettings = {
				ALWAYS_EMBED_SWIFT_STANDARD_LIBRARIES = YES;
				INFOPLIST_FILE = NRUITests/Info.plist;
				LD_RUNPATH_SEARCH_PATHS = "$(inherited) @executable_path/Frameworks @loader_path/Frameworks";
				PRODUCT_BUNDLE_IDENTIFIER = NoR.NRUITests;
				PRODUCT_NAME = "$(TARGET_NAME)";
				SWIFT_VERSION = 3.0;
				TEST_TARGET_NAME = NR;
			};
			name = Release;
		};
/* End XCBuildConfiguration section */

/* Begin XCConfigurationList section */
		35F40CE91F42FBA8001E395B /* Build configuration list for PBXProject "NR" */ = {
			isa = XCConfigurationList;
			buildConfigurations = (
				35F40D1A1F42FBA8001E395B /* Debug */,
				35F40D1B1F42FBA8001E395B /* Release */,
			);
			defaultConfigurationIsVisible = 0;
			defaultConfigurationName = Release;
		};
		35F40D1C1F42FBA8001E395B /* Build configuration list for PBXNativeTarget "NR" */ = {
			isa = XCConfigurationList;
			buildConfigurations = (
				35F40D1D1F42FBA8001E395B /* Debug */,
				35F40D1E1F42FBA8001E395B /* Release */,
			);
			defaultConfigurationIsVisible = 0;
			defaultConfigurationName = Release;
		};
		35F40D1F1F42FBA8001E395B /* Build configuration list for PBXNativeTarget "NRTests" */ = {
			isa = XCConfigurationList;
			buildConfigurations = (
				35F40D201F42FBA8001E395B /* Debug */,
				35F40D211F42FBA8001E395B /* Release */,
			);
			defaultConfigurationIsVisible = 0;
			defaultConfigurationName = Release;
		};
		35F40D221F42FBA8001E395B /* Build configuration list for PBXNativeTarget "NRUITests" */ = {
			isa = XCConfigurationList;
			buildConfigurations = (
				35F40D231F42FBA8001E395B /* Debug */,
				35F40D241F42FBA8001E395B /* Release */,
			);
			defaultConfigurationIsVisible = 0;
			defaultConfigurationName = Release;
		};
/* End XCConfigurationList section */
	};
	rootObject = 35F40CE61F42FBA8001E395B /* Project object */;
}
